
Microsoft Visual Studio Solution File, Format Version 12.00
Project("{FAE04EC0-301F-11D3-BF4B-00C04F79EFBC}") = "NLayeredDemo.Core", "NLayeredDemo.Core\NLayeredDemo.Core.csproj", "{84352E07-F7A8-4B0F-AC19-474ABE9CE5AA}"
EndProject
Project("{FAE04EC0-301F-11D3-BF4B-00C04F79EFBC}") = "NLayeredDemo.Services", "NLayeredDemo.Services\NLayeredDemo.Services.csproj", "{48B5F63B-16D8-40D4-9DA0-268B1154A384}"
EndProject
Project("{FAE04EC0-301F-11D3-BF4B-00C04F79EFBC}") = "NLayeredDemo.Repository", "NLayeredDemo.Repository\NLayeredDemo.Repository.csproj", "{C26A9188-EBE5-44A7-AD77-9A4A57600051}"
EndProject
Project("{FAE04EC0-301F-11D3-BF4B-00C04F79EFBC}") = "NLayeredDemo.API", "NLayeredDemo.API\NLayeredDemo.API.csproj", "{B2A365E4-0F7F-4634-89C0-F5DA3A8E45C9}"
EndProject
Global
	GlobalSection(SolutionConfigurationPlatforms) = preSolution
		Debug|Any CPU = Debug|Any CPU
		Release|Any CPU = Release|Any CPU
	EndGlobalSection
	GlobalSection(ProjectConfigurationPlatforms) = postSolution
		{84352E07-F7A8-4B0F-AC19-474ABE9CE5AA}.Debug|Any CPU.ActiveCfg = Debug|Any CPU
		{84352E07-F7A8-4B0F-AC19-474ABE9CE5AA}.Debug|Any CPU.Build.0 = Debug|Any CPU
		{84352E07-F7A8-4B0F-AC19-474ABE9CE5AA}.Release|Any CPU.ActiveCfg = Release|Any CPU
		{84352E07-F7A8-4B0F-AC19-474ABE9CE5AA}.Release|Any CPU.Build.0 = Release|Any CPU
		{48B5F63B-16D8-40D4-9DA0-268B1154A384}.Debug|Any CPU.ActiveCfg = Debug|Any CPU
		{48B5F63B-16D8-40D4-9DA0-268B1154A384}.Debug|Any CPU.Build.0 = Debug|Any CPU
		{48B5F63B-16D8-40D4-9DA0-268B1154A384}.Release|Any CPU.ActiveCfg = Release|Any CPU
		{48B5F63B-16D8-40D4-9DA0-268B1154A384}.Release|Any CPU.Build.0 = Release|Any CPU
		{C26A9188-EBE5-44A7-AD77-9A4A57600051}.Debug|Any CPU.ActiveCfg = Debug|Any CPU
		{C26A9188-EBE5-44A7-AD77-9A4A57600051}.Debug|Any CPU.Build.0 = Debug|Any CPU
		{C26A9188-EBE5-44A7-AD77-9A4A57600051}.Release|Any CPU.ActiveCfg = Release|Any CPU
		{C26A9188-EBE5-44A7-AD77-9A4A57600051}.Release|Any CPU.Build.0 = Release|Any CPU
		{B2A365E4-0F7F-4634-89C0-F5DA3A8E45C9}.Debug|Any CPU.ActiveCfg = Debug|Any CPU
		{B2A365E4-0F7F-4634-89C0-F5DA3A8E45C9}.Debug|Any CPU.Build.0 = Debug|Any CPU
		{B2A365E4-0F7F-4634-89C0-F5DA3A8E45C9}.Release|Any CPU.ActiveCfg = Release|Any CPU
		{B2A365E4-0F7F-4634-89C0-F5DA3A8E45C9}.Release|Any CPU.Build.0 = Release|Any CPU
	EndGlobalSection
EndGlobal
